{
  "version": 4,
  "terraform_version": "1.0.7",
  "serial": 102,
  "lineage": "f95b2a03-cb21-a3fc-7b97-871f8dc7f224",
  "outputs": {},
  "resources": [
    {
      "mode": "managed",
      "type": "azurerm_linux_virtual_machine",
      "name": "vm",
      "provider": "provider[\"registry.terraform.io/hashicorp/azurerm\"]",
      "instances": [
        {
          "schema_version": 0,
          "attributes": {
            "additional_capabilities": [],
            "admin_password": null,
            "admin_ssh_key": [
              {
                "public_key": "ssh-rsa AAAAB3NzaC1yc2EAAAADAQABAAABgQCq96VoVh7rhgSbdt1QOh6zxfwcm1MDum4G6kC6X25bfvkWYyRn7ldzLj+clVnI82pAkbHUyhk54gX1/MWeUuWktalfTz7T7Kmik+KADygFUgZadF5rv5eFl5r5/vRrPXMKYgcgpgYOVIOkaLN6ZFyUDpJTVpsLyB7cGBerLMWshvs9FTO8w4aWwSyCM0nmgaz5nhgVPVJ797bshLrnrpLPnwUpPEIbvkWt2qzOMXl9Po7tHpKf53LIDpIf2K9mnim66YixIGHCPe8ZgGAefF0vzA8eXClZz2mrTNIRGhxm3mDELffUaguzqAQa8CwDI3zT6XvuFXk7Kr7V3XuKoX5oNQSIDMdgg0t5oNGiKTPlZ3weomEohneGfrbrG30Ah5dMiNW/t7ZI25j87zErcxazXyAPkWWn269VnFRYTKnUG2DC9I5XS20fwCa3x6O3mGjXFSsRG/sW+lEx6N2PXs74onBZJev10MIzC8wPsNwdH0VtDWcB6ZCjDWxepQIJz50= aryan@aryan-VirtualBox\n",
                "username": "adminuser"
              }
            ],
            "admin_username": "adminuser",
            "allow_extension_operations": true,
            "availability_set_id": "",
            "boot_diagnostics": [],
            "capacity_reservation_group_id": "",
            "computer_name": "vm",
            "custom_data": null,
            "dedicated_host_group_id": "",
            "dedicated_host_id": "",
            "disable_password_authentication": true,
            "edge_zone": "",
            "encryption_at_host_enabled": false,
            "eviction_policy": "",
            "extensions_time_budget": "PT1H30M",
            "gallery_application": [],
            "id": "/subscriptions/af8b4d33-860a-4269-ba23-a037e1c8551c/resourceGroups/rg/providers/Microsoft.Compute/virtualMachines/vm",
            "identity": [],
            "license_type": "",
            "location": "centralindia",
            "max_bid_price": -1,
            "name": "vm",
            "network_interface_ids": [
              "/subscriptions/af8b4d33-860a-4269-ba23-a037e1c8551c/resourceGroups/rg/providers/Microsoft.Network/networkInterfaces/nic"
            ],
            "os_disk": [
              {
                "caching": "ReadWrite",
                "diff_disk_settings": [],
                "disk_encryption_set_id": "",
                "disk_size_gb": 30,
                "name": "vm_OsDisk_1_1955969099a44f9ea4ed05066c943ca0",
                "secure_vm_disk_encryption_set_id": "",
                "security_encryption_type": "",
                "storage_account_type": "Standard_LRS",
                "write_accelerator_enabled": false
              }
            ],
            "patch_assessment_mode": "ImageDefault",
            "patch_mode": "ImageDefault",
            "plan": [],
            "platform_fault_domain": -1,
            "priority": "Regular",
            "private_ip_address": "10.0.2.4",
            "private_ip_addresses": [
              "10.0.2.4"
            ],
            "provision_vm_agent": true,
            "proximity_placement_group_id": "",
            "public_ip_address": "20.219.38.11",
            "public_ip_addresses": [
              "20.219.38.11"
            ],
            "resource_group_name": "rg",
            "secret": [],
            "secure_boot_enabled": false,
            "size": "Standard_F2",
            "source_image_id": "",
            "source_image_reference": [
              {
                "offer": "UbuntuServer",
                "publisher": "Canonical",
                "sku": "16.04-LTS",
                "version": "latest"
              }
            ],
            "tags": {},
            "termination_notification": [],
            "timeouts": null,
            "user_data": "",
            "virtual_machine_id": "ab62153d-09a7-4d9d-89d5-fc1edc5dec06",
            "virtual_machine_scale_set_id": "",
            "vtpm_enabled": false,
            "zone": ""
          },
          "sensitive_attributes": [],
          "private": "eyJlMmJmYjczMC1lY2FhLTExZTYtOGY4OC0zNDM2M2JjN2M0YzAiOnsiY3JlYXRlIjoyNzAwMDAwMDAwMDAwLCJkZWxldGUiOjI3MDAwMDAwMDAwMDAsInJlYWQiOjMwMDAwMDAwMDAwMCwidXBkYXRlIjoyNzAwMDAwMDAwMDAwfX0=",
          "dependencies": [
            "azurerm_public_ip.ip",
            "azurerm_resource_group.rg",
            "azurerm_subnet.subnet",
            "azurerm_virtual_network.vnet",
            "azurerm_network_interface.nic"
          ]
        }
      ]
    },
    {
      "mode": "managed",
      "type": "azurerm_network_interface",
      "name": "nic",
      "provider": "provider[\"registry.terraform.io/hashicorp/azurerm\"]",
      "instances": [
        {
          "schema_version": 0,
          "attributes": {
            "applied_dns_servers": [],
            "dns_servers": [],
            "edge_zone": "",
            "enable_accelerated_networking": false,
            "enable_ip_forwarding": false,
            "id": "/subscriptions/af8b4d33-860a-4269-ba23-a037e1c8551c/resourceGroups/rg/providers/Microsoft.Network/networkInterfaces/nic",
            "internal_dns_name_label": "",
            "internal_domain_name_suffix": "poyg3axwqffunjtwo5yrocifvg.rx.internal.cloudapp.net",
            "ip_configuration": [
              {
                "gateway_load_balancer_frontend_ip_configuration_id": "",
                "name": "internal",
                "primary": true,
                "private_ip_address": "10.0.2.4",
                "private_ip_address_allocation": "Dynamic",
                "private_ip_address_version": "IPv4",
                "public_ip_address_id": "/subscriptions/af8b4d33-860a-4269-ba23-a037e1c8551c/resourceGroups/rg/providers/Microsoft.Network/publicIPAddresses/ip",
                "subnet_id": "/subscriptions/af8b4d33-860a-4269-ba23-a037e1c8551c/resourceGroups/rg/providers/Microsoft.Network/virtualNetworks/vnet/subnets/subnet"
              }
            ],
            "location": "centralindia",
            "mac_address": "00-22-48-D4-DD-65",
            "name": "nic",
            "private_ip_address": "10.0.2.4",
            "private_ip_addresses": [
              "10.0.2.4"
            ],
            "resource_group_name": "rg",
            "tags": {},
            "timeouts": null,
            "virtual_machine_id": "/subscriptions/af8b4d33-860a-4269-ba23-a037e1c8551c/resourceGroups/rg/providers/Microsoft.Compute/virtualMachines/vm"
          },
          "sensitive_attributes": [],
          "private": "eyJlMmJmYjczMC1lY2FhLTExZTYtOGY4OC0zNDM2M2JjN2M0YzAiOnsiY3JlYXRlIjoxODAwMDAwMDAwMDAwLCJkZWxldGUiOjE4MDAwMDAwMDAwMDAsInJlYWQiOjMwMDAwMDAwMDAwMCwidXBkYXRlIjoxODAwMDAwMDAwMDAwfX0=",
          "dependencies": [
            "azurerm_public_ip.ip",
            "azurerm_resource_group.rg",
            "azurerm_subnet.subnet",
            "azurerm_virtual_network.vnet"
          ]
        }
      ]
    },
    {
      "mode": "managed",
      "type": "azurerm_network_security_group",
      "name": "nsg",
      "provider": "provider[\"registry.terraform.io/hashicorp/azurerm\"]",
      "instances": [
        {
          "schema_version": 0,
          "attributes": {
            "id": "/subscriptions/af8b4d33-860a-4269-ba23-a037e1c8551c/resourceGroups/rg/providers/Microsoft.Network/networkSecurityGroups/nsg",
            "location": "centralindia",
            "name": "nsg",
            "resource_group_name": "rg",
            "security_rule": [
              {
                "access": "Allow",
                "description": "",
                "destination_address_prefix": "*",
                "destination_address_prefixes": [],
                "destination_application_security_group_ids": [],
                "destination_port_range": "*",
                "destination_port_ranges": [],
                "direction": "Inbound",
                "name": "nsgrule",
                "priority": 100,
                "protocol": "*",
                "source_address_prefix": "*",
                "source_address_prefixes": [],
                "source_application_security_group_ids": [],
                "source_port_range": "*",
                "source_port_ranges": []
              }
            ],
            "tags": {},
            "timeouts": null
          },
          "sensitive_attributes": [],
          "private": "eyJlMmJmYjczMC1lY2FhLTExZTYtOGY4OC0zNDM2M2JjN2M0YzAiOnsiY3JlYXRlIjoxODAwMDAwMDAwMDAwLCJkZWxldGUiOjE4MDAwMDAwMDAwMDAsInJlYWQiOjMwMDAwMDAwMDAwMCwidXBkYXRlIjoxODAwMDAwMDAwMDAwfX0=",
          "dependencies": [
            "azurerm_resource_group.rg"
          ]
        }
      ]
    },
    {
      "mode": "managed",
      "type": "azurerm_network_security_rule",
      "name": "nsgrule",
      "provider": "provider[\"registry.terraform.io/hashicorp/azurerm\"]",
      "instances": [
        {
          "schema_version": 0,
          "attributes": {
            "access": "Allow",
            "description": "",
            "destination_address_prefix": "*",
            "destination_address_prefixes": [],
            "destination_application_security_group_ids": [],
            "destination_port_range": "*",
            "destination_port_ranges": [],
            "direction": "Inbound",
            "id": "/subscriptions/af8b4d33-860a-4269-ba23-a037e1c8551c/resourceGroups/rg/providers/Microsoft.Network/networkSecurityGroups/nsg/securityRules/nsgrule",
            "name": "nsgrule",
            "network_security_group_name": "nsg",
            "priority": 100,
            "protocol": "*",
            "resource_group_name": "rg",
            "source_address_prefix": "*",
            "source_address_prefixes": [],
            "source_application_security_group_ids": [],
            "source_port_range": "*",
            "source_port_ranges": [],
            "timeouts": null
          },
          "sensitive_attributes": [],
          "private": "eyJlMmJmYjczMC1lY2FhLTExZTYtOGY4OC0zNDM2M2JjN2M0YzAiOnsiY3JlYXRlIjoxODAwMDAwMDAwMDAwLCJkZWxldGUiOjE4MDAwMDAwMDAwMDAsInJlYWQiOjMwMDAwMDAwMDAwMCwidXBkYXRlIjoxODAwMDAwMDAwMDAwfX0=",
          "dependencies": [
            "azurerm_network_security_group.nsg",
            "azurerm_resource_group.rg"
          ]
        }
      ]
    },
    {
      "mode": "managed",
      "type": "azurerm_public_ip",
      "name": "ip",
      "provider": "provider[\"registry.terraform.io/hashicorp/azurerm\"]",
      "instances": [
        {
          "schema_version": 0,
          "attributes": {
            "allocation_method": "Dynamic",
            "ddos_protection_mode": "VirtualNetworkInherited",
            "ddos_protection_plan_id": null,
            "domain_name_label": null,
            "edge_zone": "",
            "fqdn": null,
            "id": "/subscriptions/af8b4d33-860a-4269-ba23-a037e1c8551c/resourceGroups/rg/providers/Microsoft.Network/publicIPAddresses/ip",
            "idle_timeout_in_minutes": 4,
            "ip_address": "20.219.38.11",
            "ip_tags": {},
            "ip_version": "IPv4",
            "location": "centralindia",
            "name": "ip",
            "public_ip_prefix_id": null,
            "resource_group_name": "rg",
            "reverse_fqdn": null,
            "sku": "Basic",
            "sku_tier": "Regional",
            "tags": {},
            "timeouts": null,
            "zones": []
          },
          "sensitive_attributes": [],
          "private": "eyJlMmJmYjczMC1lY2FhLTExZTYtOGY4OC0zNDM2M2JjN2M0YzAiOnsiY3JlYXRlIjoxODAwMDAwMDAwMDAwLCJkZWxldGUiOjE4MDAwMDAwMDAwMDAsInJlYWQiOjMwMDAwMDAwMDAwMCwidXBkYXRlIjoxODAwMDAwMDAwMDAwfX0=",
          "dependencies": [
            "azurerm_resource_group.rg"
          ]
        }
      ]
    },
    {
      "mode": "managed",
      "type": "azurerm_resource_group",
      "name": "rg",
      "provider": "provider[\"registry.terraform.io/hashicorp/azurerm\"]",
      "instances": [
        {
          "schema_version": 0,
          "attributes": {
            "id": "/subscriptions/af8b4d33-860a-4269-ba23-a037e1c8551c/resourceGroups/rg",
            "location": "centralindia",
            "name": "rg",
            "tags": {},
            "timeouts": null
          },
          "sensitive_attributes": [],
          "private": "eyJlMmJmYjczMC1lY2FhLTExZTYtOGY4OC0zNDM2M2JjN2M0YzAiOnsiY3JlYXRlIjo1NDAwMDAwMDAwMDAwLCJkZWxldGUiOjU0MDAwMDAwMDAwMDAsInJlYWQiOjMwMDAwMDAwMDAwMCwidXBkYXRlIjo1NDAwMDAwMDAwMDAwfX0="
        }
      ]
    },
    {
      "mode": "managed",
      "type": "azurerm_subnet",
      "name": "subnet",
      "provider": "provider[\"registry.terraform.io/hashicorp/azurerm\"]",
      "instances": [
        {
          "schema_version": 0,
          "attributes": {
            "address_prefixes": [
              "10.0.2.0/24"
            ],
            "delegation": [],
            "enforce_private_link_endpoint_network_policies": false,
            "enforce_private_link_service_network_policies": false,
            "id": "/subscriptions/af8b4d33-860a-4269-ba23-a037e1c8551c/resourceGroups/rg/providers/Microsoft.Network/virtualNetworks/vnet/subnets/subnet",
            "name": "subnet",
            "private_endpoint_network_policies_enabled": true,
            "private_link_service_network_policies_enabled": true,
            "resource_group_name": "rg",
            "service_endpoint_policy_ids": [],
            "service_endpoints": [],
            "timeouts": null,
            "virtual_network_name": "vnet"
          },
          "sensitive_attributes": [],
          "private": "eyJlMmJmYjczMC1lY2FhLTExZTYtOGY4OC0zNDM2M2JjN2M0YzAiOnsiY3JlYXRlIjoxODAwMDAwMDAwMDAwLCJkZWxldGUiOjE4MDAwMDAwMDAwMDAsInJlYWQiOjMwMDAwMDAwMDAwMCwidXBkYXRlIjoxODAwMDAwMDAwMDAwfX0=",
          "dependencies": [
            "azurerm_resource_group.rg",
            "azurerm_virtual_network.vnet"
          ]
        }
      ]
    },
    {
      "mode": "managed",
      "type": "azurerm_subnet_network_security_group_association",
      "name": "conn",
      "provider": "provider[\"registry.terraform.io/hashicorp/azurerm\"]",
      "instances": [
        {
          "schema_version": 0,
          "attributes": {
            "id": "/subscriptions/af8b4d33-860a-4269-ba23-a037e1c8551c/resourceGroups/rg/providers/Microsoft.Network/virtualNetworks/vnet/subnets/subnet",
            "network_security_group_id": "/subscriptions/af8b4d33-860a-4269-ba23-a037e1c8551c/resourceGroups/rg/providers/Microsoft.Network/networkSecurityGroups/nsg",
            "subnet_id": "/subscriptions/af8b4d33-860a-4269-ba23-a037e1c8551c/resourceGroups/rg/providers/Microsoft.Network/virtualNetworks/vnet/subnets/subnet",
            "timeouts": null
          },
          "sensitive_attributes": [],
          "private": "eyJlMmJmYjczMC1lY2FhLTExZTYtOGY4OC0zNDM2M2JjN2M0YzAiOnsiY3JlYXRlIjoxODAwMDAwMDAwMDAwLCJkZWxldGUiOjE4MDAwMDAwMDAwMDAsInJlYWQiOjMwMDAwMDAwMDAwMCwidXBkYXRlIjoxODAwMDAwMDAwMDAwfX0=",
          "dependencies": [
            "azurerm_network_security_group.nsg",
            "azurerm_resource_group.rg",
            "azurerm_subnet.subnet",
            "azurerm_virtual_network.vnet"
          ]
        }
      ]
    },
    {
      "mode": "managed",
      "type": "azurerm_virtual_network",
      "name": "vnet",
      "provider": "provider[\"registry.terraform.io/hashicorp/azurerm\"]",
      "instances": [
        {
          "schema_version": 0,
          "attributes": {
            "address_space": [
              "10.0.0.0/16"
            ],
            "bgp_community": "",
            "ddos_protection_plan": [],
            "dns_servers": [],
            "edge_zone": "",
            "flow_timeout_in_minutes": 0,
            "guid": "826eb07b-81f6-464b-a676-77f1170905ae",
            "id": "/subscriptions/af8b4d33-860a-4269-ba23-a037e1c8551c/resourceGroups/rg/providers/Microsoft.Network/virtualNetworks/vnet",
            "location": "centralindia",
            "name": "vnet",
            "resource_group_name": "rg",
            "subnet": [
              {
                "address_prefix": "10.0.2.0/24",
                "id": "/subscriptions/af8b4d33-860a-4269-ba23-a037e1c8551c/resourceGroups/rg/providers/Microsoft.Network/virtualNetworks/vnet/subnets/subnet",
                "name": "subnet",
                "security_group": "/subscriptions/af8b4d33-860a-4269-ba23-a037e1c8551c/resourceGroups/rg/providers/Microsoft.Network/networkSecurityGroups/nsg"
              }
            ],
            "tags": {},
            "timeouts": null
          },
          "sensitive_attributes": [],
          "private": "eyJlMmJmYjczMC1lY2FhLTExZTYtOGY4OC0zNDM2M2JjN2M0YzAiOnsiY3JlYXRlIjoxODAwMDAwMDAwMDAwLCJkZWxldGUiOjE4MDAwMDAwMDAwMDAsInJlYWQiOjMwMDAwMDAwMDAwMCwidXBkYXRlIjoxODAwMDAwMDAwMDAwfX0=",
          "dependencies": [
            "azurerm_resource_group.rg"
          ]
        }
      ]
    }
  ]
}
